// !$*UTF8*$!
{
	archiveVersion = 1;
	classes = {
	};
	objectVersion = 50;
	objects = {

/* Begin PBXBuildFile section */
		18319BED250624EB00D9A4AF /* SandwichesApp.swift in Sources */ = {isa = PBXBuildFile; fileRef = 18319BDA250624E600D9A4AF /* SandwichesApp.swift */; };
		18319BEE250624EB00D9A4AF /* SandwichesApp.swift in Sources */ = {isa = PBXBuildFile; fileRef = 18319BDA250624E600D9A4AF /* SandwichesApp.swift */; };
		18319BEF250624EB00D9A4AF /* ContentView.swift in Sources */ = {isa = PBXBuildFile; fileRef = 18319BDB250624E600D9A4AF /* ContentView.swift */; };
		18319BF0250624EB00D9A4AF /* ContentView.swift in Sources */ = {isa = PBXBuildFile; fileRef = 18319BDB250624E600D9A4AF /* ContentView.swift */; };
		18319BF1250624EB00D9A4AF /* Assets.xcassets in Resources */ = {isa = PBXBuildFile; fileRef = 18319BDC250624EB00D9A4AF /* Assets.xcassets */; };
		18319BF2250624EB00D9A4AF /* Assets.xcassets in Resources */ = {isa = PBXBuildFile; fileRef = 18319BDC250624EB00D9A4AF /* Assets.xcassets */; };
		18319BFC2506277600D9A4AF /* Sandwich.swift in Sources */ = {isa = PBXBuildFile; fileRef = 18319BFB2506277600D9A4AF /* Sandwich.swift */; };
		18319BFD2506277600D9A4AF /* Sandwich.swift in Sources */ = {isa = PBXBuildFile; fileRef = 18319BFB2506277600D9A4AF /* Sandwich.swift */; };
		18319BFF25062BB100D9A4AF /* SandwichDetail.swift in Sources */ = {isa = PBXBuildFile; fileRef = 18319BFE25062BB100D9A4AF /* SandwichDetail.swift */; };
		18319C0025062BB100D9A4AF /* SandwichDetail.swift in Sources */ = {isa = PBXBuildFile; fileRef = 18319BFE25062BB100D9A4AF /* SandwichDetail.swift */; };
		18319C0225063B2900D9A4AF /* SandwichStore.swift in Sources */ = {isa = PBXBuildFile; fileRef = 18319C0125063B2900D9A4AF /* SandwichStore.swift */; };
		18319C0325063B2900D9A4AF /* SandwichStore.swift in Sources */ = {isa = PBXBuildFile; fileRef = 18319C0125063B2900D9A4AF /* SandwichStore.swift */; };
/* End PBXBuildFile section */

/* Begin PBXFileReference section */
		18319BDA250624E600D9A4AF /* SandwichesApp.swift */ = {isa = PBXFileReference; lastKnownFileType = sourcecode.swift; path = SandwichesApp.swift; sourceTree = "<group>"; };
		18319BDB250624E600D9A4AF /* ContentView.swift */ = {isa = PBXFileReference; lastKnownFileType = sourcecode.swift; path = ContentView.swift; sourceTree = "<group>"; };
		18319BDC250624EB00D9A4AF /* Assets.xcassets */ = {isa = PBXFileReference; lastKnownFileType = folder.assetcatalog; path = Assets.xcassets; sourceTree = "<group>"; };
		18319BE1250624EB00D9A4AF /* Sandwiches.app */ = {isa = PBXFileReference; explicitFileType = wrapper.application; includeInIndex = 0; path = Sandwiches.app; sourceTree = BUILT_PRODUCTS_DIR; };
		18319BE4250624EB00D9A4AF /* Info.plist */ = {isa = PBXFileReference; lastKnownFileType = text.plist.xml; path = Info.plist; sourceTree = "<group>"; };
		18319BE9250624EB00D9A4AF /* Sandwiches.app */ = {isa = PBXFileReference; explicitFileType = wrapper.application; includeInIndex = 0; path = Sandwiches.app; sourceTree = BUILT_PRODUCTS_DIR; };
		18319BEB250624EB00D9A4AF /* Info.plist */ = {isa = PBXFileReference; lastKnownFileType = text.plist.xml; path = Info.plist; sourceTree = "<group>"; };
		18319BEC250624EB00D9A4AF /* macOS.entitlements */ = {isa = PBXFileReference; lastKnownFileType = text.plist.entitlements; path = macOS.entitlements; sourceTree = "<group>"; };
		18319BFB2506277600D9A4AF /* Sandwich.swift */ = {isa = PBXFileReference; lastKnownFileType = sourcecode.swift; path = Sandwich.swift; sourceTree = "<group>"; };
		18319BFE25062BB100D9A4AF /* SandwichDetail.swift */ = {isa = PBXFileReference; lastKnownFileType = sourcecode.swift; path = SandwichDetail.swift; sourceTree = "<group>"; };
		18319C0125063B2900D9A4AF /* SandwichStore.swift */ = {isa = PBXFileReference; lastKnownFileType = sourcecode.swift; path = SandwichStore.swift; sourceTree = "<group>"; };
/* End PBXFileReference section */

/* Begin PBXFrameworksBuildPhase section */
		18319BDE250624EB00D9A4AF /* Frameworks */ = {
			isa = PBXFrameworksBuildPhase;
			buildActionMask = 2147483647;
			files = (
			);
			runOnlyForDeploymentPostprocessing = 0;
		};
		18319BE6250624EB00D9A4AF /* Frameworks */ = {
			isa = PBXFrameworksBuildPhase;
			buildActionMask = 2147483647;
			files = (
			);
			runOnlyForDeploymentPostprocessing = 0;
		};
/* End PBXFrameworksBuildPhase section */

/* Begin PBXGroup section */
		18319BD4250624E600D9A4AF = {
			isa = PBXGroup;
			children = (
				18319BD9250624E600D9A4AF /* Shared */,
				18319BE3250624EB00D9A4AF /* iOS */,
				18319BEA250624EB00D9A4AF /* macOS */,
				18319BE2250624EB00D9A4AF /* Products */,
			);
			sourceTree = "<group>";
		};
		18319BD9250624E600D9A4AF /* Shared */ = {
			isa = PBXGroup;
			children = (
				18319BDA250624E600D9A4AF /* SandwichesApp.swift */,
				18319BDB250624E600D9A4AF /* ContentView.swift */,
				18319BFB2506277600D9A4AF /* Sandwich.swift */,
				18319BFE25062BB100D9A4AF /* SandwichDetail.swift */,
				18319C0125063B2900D9A4AF /* SandwichStore.swift */,
				18319BDC250624EB00D9A4AF /* Assets.xcassets */,
			);
			path = Shared;
			sourceTree = "<group>";
		};
		18319BE2250624EB00D9A4AF /* Products */ = {
			isa = PBXGroup;
			children = (
				18319BE1250624EB00D9A4AF /* Sandwiches.app */,
				18319BE9250624EB00D9A4AF /* Sandwiches.app */,
			);
			name = Products;
			sourceTree = "<group>";
		};
		18319BE3250624EB00D9A4AF /* iOS */ = {
			isa = PBXGroup;
			children = (
				18319BE4250624EB00D9A4AF /* Info.plist */,
			);
			path = iOS;
			sourceTree = "<group>";
		};
		18319BEA250624EB00D9A4AF /* macOS */ = {
			isa = PBXGroup;
			children = (
				18319BEB250624EB00D9A4AF /* Info.plist */,
				18319BEC250624EB00D9A4AF /* macOS.entitlements */,
			);
			path = macOS;
			sourceTree = "<group>";
		};
/* End PBXGroup section */

/* Begin PBXNativeTarget section */
		18319BE0250624EB00D9A4AF /* Sandwiches (iOS) */ = {
			isa = PBXNativeTarget;
			buildConfigurationList = 18319BF5250624EB00D9A4AF /* Build configuration list for PBXNativeTarget "Sandwiches (iOS)" */;
			buildPhases = (
				18319BDD250624EB00D9A4AF /* Sources */,
				18319BDE250624EB00D9A4AF /* Frameworks */,
				18319BDF250624EB00D9A4AF /* Resources */,
			);
			buildRules = (
			);
			dependencies = (
			);
			name = "Sandwiches (iOS)";
			productName = "Sandwiches (iOS)";
			productReference = 18319BE1250624EB00D9A4AF /* Sandwiches.app */;
			productType = "com.apple.product-type.application";
		};
		18319BE8250624EB00D9A4AF /* Sandwiches (macOS) */ = {
			isa = PBXNativeTarget;
			buildConfigurationList = 18319BF8250624EB00D9A4AF /* Build configuration list for PBXNativeTarget "Sandwiches (macOS)" */;
			buildPhases = (
				18319BE5250624EB00D9A4AF /* Sources */,
				18319BE6250624EB00D9A4AF /* Frameworks */,
				18319BE7250624EB00D9A4AF /* Resources */,
			);
			buildRules = (
			);
			dependencies = (
			);
			name = "Sandwiches (macOS)";
			productName = "Sandwiches (macOS)";
			productReference = 18319BE9250624EB00D9A4AF /* Sandwiches.app */;
			productType = "com.apple.product-type.application";
		};
/* End PBXNativeTarget section */

/* Begin PBXProject section */
		18319BD5250624E600D9A4AF /* Project object */ = {
			isa = PBXProject;
			attributes = {
				LastSwiftUpdateCheck = 1200;
				LastUpgradeCheck = 1200;
				TargetAttributes = {
					18319BE0250624EB00D9A4AF = {
						CreatedOnToolsVersion = 12.0;
					};
					18319BE8250624EB00D9A4AF = {
						CreatedOnToolsVersion = 12.0;
					};
				};
			};
			buildConfigurationList = 18319BD8250624E600D9A4AF /* Build configuration list for PBXProject "Sandwiches" */;
			compatibilityVersion = "Xcode 9.3";
			developmentRegion = en;
			hasScannedForEncodings = 0;
			knownRegions = (
				en,
				Base,
			);
			mainGroup = 18319BD4250624E600D9A4AF;
			productRefGroup = 18319BE2250624EB00D9A4AF /* Products */;
			projectDirPath = "";
			projectRoot = "";
			targets = (
				18319BE0250624EB00D9A4AF /* Sandwiches (iOS) */,
				18319BE8250624EB00D9A4AF /* Sandwiches (macOS) */,
			);
		};
/* End PBXProject section */

/* Begin PBXResourcesBuildPhase section */
		18319BDF250624EB00D9A4AF /* Resources */ = {
			isa = PBXResourcesBuildPhase;
			buildActionMask = 2147483647;
			files = (
				18319BF1250624EB00D9A4AF /* Assets.xcassets in Resources */,
			);
			runOnlyForDeploymentPostprocessing = 0;
		};
		18319BE7250624EB00D9A4AF /* Resources */ = {
			isa = PBXResourcesBuildPhase;
			buildActionMask = 2147483647;
			files = (
				18319BF2250624EB00D9A4AF /* Assets.xcassets in Resources */,
			);
			runOnlyForDeploymentPostprocessing = 0;
		};
/* End PBXResourcesBuildPhase section */

/* Begin PBXSourcesBuildPhase section */
		18319BDD250624EB00D9A4AF /* Sources */ = {
			isa = PBXSourcesBuildPhase;
			buildActionMask = 2147483647;
			files = (
				18319C0225063B2900D9A4AF /* SandwichStore.swift in Sources */,
				18319BEF250624EB00D9A4AF /* ContentView.swift in Sources */,
				18319BED250624EB00D9A4AF /* SandwichesApp.swift in Sources */,
				18319BFC2506277600D9A4AF /* Sandwich.swift in Sources */,
				18319BFF25062BB100D9A4AF /* SandwichDetail.swift in Sources */,
			);
			runOnlyForDeploymentPostprocessing = 0;
		};
		18319BE5250624EB00D9A4AF /* Sources */ = {
			isa = PBXSourcesBuildPhase;
			buildActionMask = 2147483647;
			files = (
				18319C0325063B2900D9A4AF /* SandwichStore.swift in Sources */,
				18319BF0250624EB00D9A4AF /* ContentView.swift in Sources */,
				18319BEE250624EB00D9A4AF /* SandwichesApp.swift in Sources */,
				18319BFD2506277600D9A4AF /* Sandwich.swift in Sources */,
				18319C0025062BB100D9A4AF /* SandwichDetail.swift in Sources */,
			);
			runOnlyForDeploymentPostprocessing = 0;
		};
/* End PBXSourcesBuildPhase section */

/* Begin XCBuildConfiguration section */
		18319BF3250624EB00D9A4AF /* Debug */ = {
			isa = XCBuildConfiguration;
			buildSettings = {
				ALWAYS_SEARCH_USER_PATHS = NO;
				CLANG_ANALYZER_NONNULL = YES;
				CLANG_ANALYZER_NUMBER_OBJECT_CONVERSION = YES_AGGRESSIVE;
				CLANG_CXX_LANGUAGE_STANDARD = "gnu++14";
				CLANG_CXX_LIBRARY = "libc++";
				CLANG_ENABLE_MODULES = YES;
				CLANG_ENABLE_OBJC_ARC = YES;
				CLANG_ENABLE_OBJC_WEAK = YES;
				CLANG_WARN_BLOCK_CAPTURE_AUTORELEASING = YES;
				CLANG_WARN_BOOL_CONVERSION = YES;
				CLANG_WARN_COMMA = YES;
				CLANG_WARN_CONSTANT_CONVERSION = YES;
				CLANG_WARN_DEPRECATED_OBJC_IMPLEMENTATIONS = YES;
				CLANG_WARN_DIRECT_OBJC_ISA_USAGE = YES_ERROR;
				CLANG_WARN_DOCUMENTATION_COMMENTS = YES;
				CLANG_WARN_EMPTY_BODY = YES;
				CLANG_WARN_ENUM_CONVERSION = YES;
				CLANG_WARN_INFINITE_RECURSION = YES;
				CLANG_WARN_INT_CONVERSION = YES;
				CLANG_WARN_NON_LITERAL_NULL_CONVERSION = YES;
				CLANG_WARN_OBJC_IMPLICIT_RETAIN_SELF = YES;
				CLANG_WARN_OBJC_LITERAL_CONVERSION = YES;
				CLANG_WARN_OBJC_ROOT_CLASS = YES_ERROR;
				CLANG_WARN_QUOTED_INCLUDE_IN_FRAMEWORK_HEADER = YES;
				CLANG_WARN_RANGE_LOOP_ANALYSIS = YES;
				CLANG_WARN_STRICT_PROTOTYPES = YES;
				CLANG_WARN_SUSPICIOUS_MOVE = YES;
				CLANG_WARN_UNGUARDED_AVAILABILITY = YES_AGGRESSIVE;
				CLANG_WARN_UNREACHABLE_CODE = YES;
				CLANG_WARN__DUPLICATE_METHOD_MATCH = YES;
				COPY_PHASE_STRIP = NO;
				DEBUG_INFORMATION_FORMAT = dwarf;
				ENABLE_STRICT_OBJC_MSGSEND = YES;
				ENABLE_TESTABILITY = YES;
				GCC_C_LANGUAGE_STANDARD = gnu11;
				GCC_DYNAMIC_NO_PIC = NO;
				GCC_NO_COMMON_BLOCKS = YES;
				GCC_OPTIMIZATION_LEVEL = 0;
				GCC_PREPROCESSOR_DEFINITIONS = (
					"DEBUG=1",
					"$(inherited)",
				);
				GCC_WARN_64_TO_32_BIT_CONVERSION = YES;
				GCC_WARN_ABOUT_RETURN_TYPE = YES_ERROR;
				GCC_WARN_UNDECLARED_SELECTOR = YES;
				GCC_WARN_UNINITIALIZED_AUTOS = YES_AGGRESSIVE;
				GCC_WARN_UNUSED_FUNCTION = YES;
				GCC_WARN_UNUSED_VARIABLE = YES;
				MTL_ENABLE_DEBUG_INFO = INCLUDE_SOURCE;
				MTL_FAST_MATH = YES;
				ONLY_ACTIVE_ARCH = YES;
				SWIFT_ACTIVE_COMPILATION_CONDITIONS = DEBUG;
				SWIFT_OPTIMIZATION_LEVEL = "-Onone";
			};
			name = Debug;
		};
		18319BF4250624EB00D9A4AF /* Release */ = {
			isa = XCBuildConfiguration;
			buildSettings = {
				ALWAYS_SEARCH_USER_PATHS = NO;
				CLANG_ANALYZER_NONNULL = YES;
				CLANG_ANALYZER_NUMBER_OBJECT_CONVERSION = YES_AGGRESSIVE;
				CLANG_CXX_LANGUAGE_STANDARD = "gnu++14";
				CLANG_CXX_LIBRARY = "libc++";
				CLANG_ENABLE_MODULES = YES;
				CLANG_ENABLE_OBJC_ARC = YES;
				CLANG_ENABLE_OBJC_WEAK = YES;
				CLANG_WARN_BLOCK_CAPTURE_AUTORELEASING = YES;
				CLANG_WARN_BOOL_CONVERSION = YES;
				CLANG_WARN_COMMA = YES;
				CLANG_WARN_CONSTANT_CONVERSION = YES;
				CLANG_WARN_DEPRECATED_OBJC_IMPLEMENTATIONS = YES;
				CLANG_WARN_DIRECT_OBJC_ISA_USAGE = YES_ERROR;
				CLANG_WARN_DOCUMENTATION_COMMENTS = YES;
				CLANG_WARN_EMPTY_BODY = YES;
				CLANG_WARN_ENUM_CONVERSION = YES;
				CLANG_WARN_INFINITE_RECURSION = YES;
				CLANG_WARN_INT_CONVERSION = YES;
				CLANG_WARN_NON_LITERAL_NULL_CONVERSION = YES;
				CLANG_WARN_OBJC_IMPLICIT_RETAIN_SELF = YES;
				CLANG_WARN_OBJC_LITERAL_CONVERSION = YES;
				CLANG_WARN_OBJC_ROOT_CLASS = YES_ERROR;
				CLANG_WARN_QUOTED_INCLUDE_IN_FRAMEWORK_HEADER = YES;
				CLANG_WARN_RANGE_LOOP_ANALYSIS = YES;
				CLANG_WARN_STRICT_PROTOTYPES = YES;
				CLANG_WARN_SUSPICIOUS_MOVE = YES;
				CLANG_WARN_UNGUARDED_AVAILABILITY = YES_AGGRESSIVE;
				CLANG_WARN_UNREACHABLE_CODE = YES;
				CLANG_WARN__DUPLICATE_METHOD_MATCH = YES;
				COPY_PHASE_STRIP = NO;
				DEBUG_INFORMATION_FORMAT = "dwarf-with-dsym";
				ENABLE_NS_ASSERTIONS = NO;
				ENABLE_STRICT_OBJC_MSGSEND = YES;
				GCC_C_LANGUAGE_STANDARD = gnu11;
				GCC_NO_COMMON_BLOCKS = YES;
				GCC_WARN_64_TO_32_BIT_CONVERSION = YES;
				GCC_WARN_ABOUT_RETURN_TYPE = YES_ERROR;
				GCC_WARN_UNDECLARED_SELECTOR = YES;
				GCC_WARN_UNINITIALIZED_AUTOS = YES_AGGRESSIVE;
				GCC_WARN_UNUSED_FUNCTION = YES;
				GCC_WARN_UNUSED_VARIABLE = YES;
				MTL_ENABLE_DEBUG_INFO = NO;
				MTL_FAST_MATH = YES;
				SWIFT_COMPILATION_MODE = wholemodule;
				SWIFT_OPTIMIZATION_LEVEL = "-O";
			};
			name = Release;
		};
		18319BF6250624EB00D9A4AF /* Debug */ = {
			isa = XCBuildConfiguration;
			buildSettings = {
				ASSETCATALOG_COMPILER_APPICON_NAME = AppIcon;
				ASSETCATALOG_COMPILER_GLOBAL_ACCENT_COLOR_NAME = AccentColor;
				CODE_SIGN_STYLE = Automatic;
				DEVELOPMENT_TEAM = 56MY3ZN5V7;
				ENABLE_PREVIEWS = YES;
				INFOPLIST_FILE = iOS/Info.plist;
				IPHONEOS_DEPLOYMENT_TARGET = 14.0;
				LD_RUNPATH_SEARCH_PATHS = (
					"$(inherited)",
					"@executable_path/Frameworks",
				);
				PRODUCT_BUNDLE_IDENTIFIER = com.uusafe.sdk.Sandwiches;
				PRODUCT_NAME = Sandwiches;
				SDKROOT = iphoneos;
				SWIFT_VERSION = 5.0;
				TARGETED_DEVICE_FAMILY = "1,2";
			};
			name = Debug;
		};
		18319BF7250624EB00D9A4AF /* Release */ = {
			isa = XCBuildConfiguration;
			buildSettings = {
				ASSETCATALOG_COMPILER_APPICON_NAME = AppIcon;
				ASSETCATALOG_COMPILER_GLOBAL_ACCENT_COLOR_NAME = AccentColor;
				CODE_SIGN_STYLE = Automatic;
				DEVELOPMENT_TEAM = 56MY3ZN5V7;
				ENABLE_PREVIEWS = YES;
				INFOPLIST_FILE = iOS/Info.plist;
				IPHONEOS_DEPLOYMENT_TARGET = 14.0;
				LD_RUNPATH_SEARCH_PATHS = (
					"$(inherited)",
					"@executable_path/Frameworks",
				);
				PRODUCT_BUNDLE_IDENTIFIER = com.uusafe.sdk.Sandwiches;
				PRODUCT_NAME = Sandwiches;
				SDKROOT = iphoneos;
				SWIFT_VERSION = 5.0;
				TARGETED_DEVICE_FAMILY = "1,2";
				VALIDATE_PRODUCT = YES;
			};
			name = Release;
		};
		18319BF9250624EB00D9A4AF /* Debug */ = {
			isa = XCBuildConfiguration;
			buildSettings = {
				ASSETCATALOG_COMPILER_APPICON_NAME = AppIcon;
				ASSETCATALOG_COMPILER_GLOBAL_ACCENT_COLOR_NAME = AccentColor;
				CODE_SIGN_ENTITLEMENTS = macOS/macOS.entitlements;
				CODE_SIGN_STYLE = Automatic;
				COMBINE_HIDPI_IMAGES = YES;
				DEVELOPMENT_TEAM = 56MY3ZN5V7;
				ENABLE_HARDENED_RUNTIME = YES;
				ENABLE_PREVIEWS = YES;
				INFOPLIST_FILE = macOS/Info.plist;
				LD_RUNPATH_SEARCH_PATHS = (
					"$(inherited)",
					"@executable_path/../Frameworks",
				);
				MACOSX_DEPLOYMENT_TARGET = 11.0;
				PRODUCT_BUNDLE_IDENTIFIER = com.uusafe.sdk.Sandwiches;
				PRODUCT_NAME = Sandwiches;
				SDKROOT = macosx;
				SWIFT_VERSION = 5.0;
			};
			name = Debug;
		};
		18319BFA250624EB00D9A4AF /* Release */ = {
			isa = XCBuildConfiguration;
			buildSettings = {
				ASSETCATALOG_COMPILER_APPICON_NAME = AppIcon;
				ASSETCATALOG_COMPILER_GLOBAL_ACCENT_COLOR_NAME = AccentColor;
				CODE_SIGN_ENTITLEMENTS = macOS/macOS.entitlements;
				CODE_SIGN_STYLE = Automatic;
				COMBINE_HIDPI_IMAGES = YES;
				DEVELOPMENT_TEAM = 56MY3ZN5V7;
				ENABLE_HARDENED_RUNTIME = YES;
				ENABLE_PREVIEWS = YES;
				INFOPLIST_FILE = macOS/Info.plist;
				LD_RUNPATH_SEARCH_PATHS = (
					"$(inherited)",
					"@executable_path/../Frameworks",
				);
				MACOSX_DEPLOYMENT_TARGET = 11.0;
				PRODUCT_BUNDLE_IDENTIFIER = com.uusafe.sdk.Sandwiches;
				PRODUCT_NAME = Sandwiches;
				SDKROOT = macosx;
				SWIFT_VERSION = 5.0;
			};
			name = Release;
		};
/* End XCBuildConfiguration section */

/* Begin XCConfigurationList section */
		18319BD8250624E600D9A4AF /* Build configuration list for PBXProject "Sandwiches" */ = {
			isa = XCConfigurationList;
			buildConfigurations = (
				18319BF3250624EB00D9A4AF /* Debug */,
				18319BF4250624EB00D9A4AF /* Release */,
			);
			defaultConfigurationIsVisible = 0;
			defaultConfigurationName = Release;
		};
		18319BF5250624EB00D9A4AF /* Build configuration list for PBXNativeTarget "Sandwiches (iOS)" */ = {
			isa = XCConfigurationList;
			buildConfigurations = (
				18319BF6250624EB00D9A4AF /* Debug */,
				18319BF7250624EB00D9A4AF /* Release */,
			);
			defaultConfigurationIsVisible = 0;
			defaultConfigurationName = Release;
		};
		18319BF8250624EB00D9A4AF /* Build configuration list for PBXNativeTarget "Sandwiches (macOS)" */ = {
			isa = XCConfigurationList;
			buildConfigurations = (
				18319BF9250624EB00D9A4AF /* Debug */,
				18319BFA250624EB00D9A4AF /* Release */,
			);
			defaultConfigurationIsVisible = 0;
			defaultConfigurationName = Release;
		};
/* End XCConfigurationList section */
	};
	rootObject = 18319BD5250624E600D9A4AF /* Project object */;
}
