// !$*UTF8*$!
{
	archiveVersion = 1;
	classes = {
	};
	objectVersion = 50;
	objects = {

/* Begin PBXBuildFile section */
		18B147892588952F00BEE28B /* ScrumdingerApp.swift in Sources */ = {isa = PBXBuildFile; fileRef = 18B147882588952F00BEE28B /* ScrumdingerApp.swift */; };
		18B1478B2588952F00BEE28B /* MeetingView.swift in Sources */ = {isa = PBXBuildFile; fileRef = 18B1478A2588952F00BEE28B /* MeetingView.swift */; };
		18B1478D2588953300BEE28B /* Assets.xcassets in Resources */ = {isa = PBXBuildFile; fileRef = 18B1478C2588953300BEE28B /* Assets.xcassets */; };
		18B147902588953300BEE28B /* Preview Assets.xcassets in Resources */ = {isa = PBXBuildFile; fileRef = 18B1478F2588953300BEE28B /* Preview Assets.xcassets */; };
		18B1479A25889E4F00BEE28B /* DailyScrum.swift in Sources */ = {isa = PBXBuildFile; fileRef = 18B1479925889E4F00BEE28B /* DailyScrum.swift */; };
		18B1479D25889ED600BEE28B /* CardView.swift in Sources */ = {isa = PBXBuildFile; fileRef = 18B1479C25889ED600BEE28B /* CardView.swift */; };
		18B147A02588A5A500BEE28B /* ScrumsView.swift in Sources */ = {isa = PBXBuildFile; fileRef = 18B1479F2588A5A500BEE28B /* ScrumsView.swift */; };
		18B147A32588AAB900BEE28B /* DetailView.swift in Sources */ = {isa = PBXBuildFile; fileRef = 18B147A22588AAB900BEE28B /* DetailView.swift */; };
		18B147A62588B50300BEE28B /* EditView.swift in Sources */ = {isa = PBXBuildFile; fileRef = 18B147A52588B50300BEE28B /* EditView.swift */; };
		18B147AC2588C15000BEE28B /* Color+Codable.swift in Sources */ = {isa = PBXBuildFile; fileRef = 18B147AB2588C15000BEE28B /* Color+Codable.swift */; };
		18B147B12588CA4200BEE28B /* MeetingHeaderView.swift in Sources */ = {isa = PBXBuildFile; fileRef = 18B147B02588CA4200BEE28B /* MeetingHeaderView.swift */; };
		18B147B42588CC2700BEE28B /* ScrumTimer.swift in Sources */ = {isa = PBXBuildFile; fileRef = 18B147B32588CC2700BEE28B /* ScrumTimer.swift */; };
		18B147B72588CCD900BEE28B /* MeetingFooterView.swift in Sources */ = {isa = PBXBuildFile; fileRef = 18B147B62588CCD900BEE28B /* MeetingFooterView.swift */; };
		18B147BA2588DA6D00BEE28B /* AVPlayer+Ding.swift in Sources */ = {isa = PBXBuildFile; fileRef = 18B147B92588DA6D00BEE28B /* AVPlayer+Ding.swift */; };
		18B147BE2588DB2100BEE28B /* ScrumProgressViewStyle.swift in Sources */ = {isa = PBXBuildFile; fileRef = 18B147BD2588DB2100BEE28B /* ScrumProgressViewStyle.swift */; };
		18B147C22588DC0800BEE28B /* ding.wav in Resources */ = {isa = PBXBuildFile; fileRef = 18B147C12588DC0700BEE28B /* ding.wav */; };
		18B147C62589A4F500BEE28B /* History.swift in Sources */ = {isa = PBXBuildFile; fileRef = 18B147C52589A4F500BEE28B /* History.swift */; };
		18B147C92589A7CB00BEE28B /* ScrumData.swift in Sources */ = {isa = PBXBuildFile; fileRef = 18B147C82589A7CB00BEE28B /* ScrumData.swift */; };
		18B147CD2589B27B00BEE28B /* MeetingTimerView.swift in Sources */ = {isa = PBXBuildFile; fileRef = 18B147CC2589B27B00BEE28B /* MeetingTimerView.swift */; };
		18B147D02589B6DA00BEE28B /* SpeechRecognizer.swift in Sources */ = {isa = PBXBuildFile; fileRef = 18B147CF2589B6DA00BEE28B /* SpeechRecognizer.swift */; };
		18B147D32589B89A00BEE28B /* HistoryView.swift in Sources */ = {isa = PBXBuildFile; fileRef = 18B147D22589B89A00BEE28B /* HistoryView.swift */; };
/* End PBXBuildFile section */

/* Begin PBXFileReference section */
		18B147852588952F00BEE28B /* Scrumdinger.app */ = {isa = PBXFileReference; explicitFileType = wrapper.application; includeInIndex = 0; path = Scrumdinger.app; sourceTree = BUILT_PRODUCTS_DIR; };
		18B147882588952F00BEE28B /* ScrumdingerApp.swift */ = {isa = PBXFileReference; lastKnownFileType = sourcecode.swift; path = ScrumdingerApp.swift; sourceTree = "<group>"; };
		18B1478A2588952F00BEE28B /* MeetingView.swift */ = {isa = PBXFileReference; lastKnownFileType = sourcecode.swift; path = MeetingView.swift; sourceTree = "<group>"; };
		18B1478C2588953300BEE28B /* Assets.xcassets */ = {isa = PBXFileReference; lastKnownFileType = folder.assetcatalog; path = Assets.xcassets; sourceTree = "<group>"; };
		18B1478F2588953300BEE28B /* Preview Assets.xcassets */ = {isa = PBXFileReference; lastKnownFileType = folder.assetcatalog; path = "Preview Assets.xcassets"; sourceTree = "<group>"; };
		18B147912588953300BEE28B /* Info.plist */ = {isa = PBXFileReference; lastKnownFileType = text.plist.xml; path = Info.plist; sourceTree = "<group>"; };
		18B1479925889E4F00BEE28B /* DailyScrum.swift */ = {isa = PBXFileReference; lastKnownFileType = sourcecode.swift; path = DailyScrum.swift; sourceTree = "<group>"; };
		18B1479C25889ED600BEE28B /* CardView.swift */ = {isa = PBXFileReference; lastKnownFileType = sourcecode.swift; path = CardView.swift; sourceTree = "<group>"; };
		18B1479F2588A5A500BEE28B /* ScrumsView.swift */ = {isa = PBXFileReference; lastKnownFileType = sourcecode.swift; path = ScrumsView.swift; sourceTree = "<group>"; };
		18B147A22588AAB900BEE28B /* DetailView.swift */ = {isa = PBXFileReference; lastKnownFileType = sourcecode.swift; path = DetailView.swift; sourceTree = "<group>"; };
		18B147A52588B50300BEE28B /* EditView.swift */ = {isa = PBXFileReference; lastKnownFileType = sourcecode.swift; path = EditView.swift; sourceTree = "<group>"; };
		18B147AB2588C15000BEE28B /* Color+Codable.swift */ = {isa = PBXFileReference; lastKnownFileType = sourcecode.swift; path = "Color+Codable.swift"; sourceTree = "<group>"; };
		18B147B02588CA4200BEE28B /* MeetingHeaderView.swift */ = {isa = PBXFileReference; lastKnownFileType = sourcecode.swift; path = MeetingHeaderView.swift; sourceTree = "<group>"; };
		18B147B32588CC2700BEE28B /* ScrumTimer.swift */ = {isa = PBXFileReference; lastKnownFileType = sourcecode.swift; path = ScrumTimer.swift; sourceTree = "<group>"; };
		18B147B62588CCD900BEE28B /* MeetingFooterView.swift */ = {isa = PBXFileReference; lastKnownFileType = sourcecode.swift; path = MeetingFooterView.swift; sourceTree = "<group>"; };
		18B147B92588DA6D00BEE28B /* AVPlayer+Ding.swift */ = {isa = PBXFileReference; lastKnownFileType = sourcecode.swift; path = "AVPlayer+Ding.swift"; sourceTree = "<group>"; };
		18B147BD2588DB2100BEE28B /* ScrumProgressViewStyle.swift */ = {isa = PBXFileReference; lastKnownFileType = sourcecode.swift; path = ScrumProgressViewStyle.swift; sourceTree = "<group>"; };
		18B147C12588DC0700BEE28B /* ding.wav */ = {isa = PBXFileReference; lastKnownFileType = audio.wav; path = ding.wav; sourceTree = "<group>"; };
		18B147C52589A4F500BEE28B /* History.swift */ = {isa = PBXFileReference; lastKnownFileType = sourcecode.swift; path = History.swift; sourceTree = "<group>"; };
		18B147C82589A7CB00BEE28B /* ScrumData.swift */ = {isa = PBXFileReference; lastKnownFileType = sourcecode.swift; path = ScrumData.swift; sourceTree = "<group>"; };
		18B147CC2589B27B00BEE28B /* MeetingTimerView.swift */ = {isa = PBXFileReference; lastKnownFileType = sourcecode.swift; path = MeetingTimerView.swift; sourceTree = "<group>"; };
		18B147CF2589B6DA00BEE28B /* SpeechRecognizer.swift */ = {isa = PBXFileReference; lastKnownFileType = sourcecode.swift; path = SpeechRecognizer.swift; sourceTree = "<group>"; };
		18B147D22589B89A00BEE28B /* HistoryView.swift */ = {isa = PBXFileReference; lastKnownFileType = sourcecode.swift; path = HistoryView.swift; sourceTree = "<group>"; };
/* End PBXFileReference section */

/* Begin PBXFrameworksBuildPhase section */
		18B147822588952F00BEE28B /* Frameworks */ = {
			isa = PBXFrameworksBuildPhase;
			buildActionMask = 2147483647;
			files = (
			);
			runOnlyForDeploymentPostprocessing = 0;
		};
/* End PBXFrameworksBuildPhase section */

/* Begin PBXGroup section */
		18B1477C2588952F00BEE28B = {
			isa = PBXGroup;
			children = (
				18B147872588952F00BEE28B /* Scrumdinger */,
				18B147862588952F00BEE28B /* Products */,
			);
			sourceTree = "<group>";
		};
		18B147862588952F00BEE28B /* Products */ = {
			isa = PBXGroup;
			children = (
				18B147852588952F00BEE28B /* Scrumdinger.app */,
			);
			name = Products;
			sourceTree = "<group>";
		};
		18B147872588952F00BEE28B /* Scrumdinger */ = {
			isa = PBXGroup;
			children = (
				18B147882588952F00BEE28B /* ScrumdingerApp.swift */,
				18B1478A2588952F00BEE28B /* MeetingView.swift */,
				18B1479C25889ED600BEE28B /* CardView.swift */,
				18B1479F2588A5A500BEE28B /* ScrumsView.swift */,
				18B147A22588AAB900BEE28B /* DetailView.swift */,
				18B147B02588CA4200BEE28B /* MeetingHeaderView.swift */,
				18B147B62588CCD900BEE28B /* MeetingFooterView.swift */,
				18B147A52588B50300BEE28B /* EditView.swift */,
				18B147BD2588DB2100BEE28B /* ScrumProgressViewStyle.swift */,
				18B147B32588CC2700BEE28B /* ScrumTimer.swift */,
				18B147CC2589B27B00BEE28B /* MeetingTimerView.swift */,
				18B147D22589B89A00BEE28B /* HistoryView.swift */,
				18B147C02588DC0700BEE28B /* Resources */,
				18B147AA2588C13D00BEE28B /* Models */,
				18B1478C2588953300BEE28B /* Assets.xcassets */,
				18B147912588953300BEE28B /* Info.plist */,
				18B1478E2588953300BEE28B /* Preview Content */,
			);
			path = Scrumdinger;
			sourceTree = "<group>";
		};
		18B1478E2588953300BEE28B /* Preview Content */ = {
			isa = PBXGroup;
			children = (
				18B1478F2588953300BEE28B /* Preview Assets.xcassets */,
			);
			path = "Preview Content";
			sourceTree = "<group>";
		};
		18B147AA2588C13D00BEE28B /* Models */ = {
			isa = PBXGroup;
			children = (
				18B1479925889E4F00BEE28B /* DailyScrum.swift */,
				18B147AB2588C15000BEE28B /* Color+Codable.swift */,
				18B147B92588DA6D00BEE28B /* AVPlayer+Ding.swift */,
				18B147C52589A4F500BEE28B /* History.swift */,
				18B147C82589A7CB00BEE28B /* ScrumData.swift */,
				18B147CF2589B6DA00BEE28B /* SpeechRecognizer.swift */,
			);
			path = Models;
			sourceTree = "<group>";
		};
		18B147C02588DC0700BEE28B /* Resources */ = {
			isa = PBXGroup;
			children = (
				18B147C12588DC0700BEE28B /* ding.wav */,
			);
			path = Resources;
			sourceTree = "<group>";
		};
/* End PBXGroup section */

/* Begin PBXNativeTarget section */
		18B147842588952F00BEE28B /* Scrumdinger */ = {
			isa = PBXNativeTarget;
			buildConfigurationList = 18B147942588953300BEE28B /* Build configuration list for PBXNativeTarget "Scrumdinger" */;
			buildPhases = (
				18B147812588952F00BEE28B /* Sources */,
				18B147822588952F00BEE28B /* Frameworks */,
				18B147832588952F00BEE28B /* Resources */,
			);
			buildRules = (
			);
			dependencies = (
			);
			name = Scrumdinger;
			productName = Scrumdinger;
			productReference = 18B147852588952F00BEE28B /* Scrumdinger.app */;
			productType = "com.apple.product-type.application";
		};
/* End PBXNativeTarget section */

/* Begin PBXProject section */
		18B1477D2588952F00BEE28B /* Project object */ = {
			isa = PBXProject;
			attributes = {
				LastSwiftUpdateCheck = 1220;
				LastUpgradeCheck = 1220;
				TargetAttributes = {
					18B147842588952F00BEE28B = {
						CreatedOnToolsVersion = 12.2;
					};
				};
			};
			buildConfigurationList = 18B147802588952F00BEE28B /* Build configuration list for PBXProject "Scrumdinger" */;
			compatibilityVersion = "Xcode 9.3";
			developmentRegion = en;
			hasScannedForEncodings = 0;
			knownRegions = (
				en,
				Base,
			);
			mainGroup = 18B1477C2588952F00BEE28B;
			productRefGroup = 18B147862588952F00BEE28B /* Products */;
			projectDirPath = "";
			projectRoot = "";
			targets = (
				18B147842588952F00BEE28B /* Scrumdinger */,
			);
		};
/* End PBXProject section */

/* Begin PBXResourcesBuildPhase section */
		18B147832588952F00BEE28B /* Resources */ = {
			isa = PBXResourcesBuildPhase;
			buildActionMask = 2147483647;
			files = (
				18B147C22588DC0800BEE28B /* ding.wav in Resources */,
				18B147902588953300BEE28B /* Preview Assets.xcassets in Resources */,
				18B1478D2588953300BEE28B /* Assets.xcassets in Resources */,
			);
			runOnlyForDeploymentPostprocessing = 0;
		};
/* End PBXResourcesBuildPhase section */

/* Begin PBXSourcesBuildPhase section */
		18B147812588952F00BEE28B /* Sources */ = {
			isa = PBXSourcesBuildPhase;
			buildActionMask = 2147483647;
			files = (
				18B1478B2588952F00BEE28B /* MeetingView.swift in Sources */,
				18B147BE2588DB2100BEE28B /* ScrumProgressViewStyle.swift in Sources */,
				18B147C62589A4F500BEE28B /* History.swift in Sources */,
				18B147D02589B6DA00BEE28B /* SpeechRecognizer.swift in Sources */,
				18B147A32588AAB900BEE28B /* DetailView.swift in Sources */,
				18B147AC2588C15000BEE28B /* Color+Codable.swift in Sources */,
				18B147C92589A7CB00BEE28B /* ScrumData.swift in Sources */,
				18B147D32589B89A00BEE28B /* HistoryView.swift in Sources */,
				18B147CD2589B27B00BEE28B /* MeetingTimerView.swift in Sources */,
				18B147B12588CA4200BEE28B /* MeetingHeaderView.swift in Sources */,
				18B147B42588CC2700BEE28B /* ScrumTimer.swift in Sources */,
				18B1479A25889E4F00BEE28B /* DailyScrum.swift in Sources */,
				18B147B72588CCD900BEE28B /* MeetingFooterView.swift in Sources */,
				18B147BA2588DA6D00BEE28B /* AVPlayer+Ding.swift in Sources */,
				18B1479D25889ED600BEE28B /* CardView.swift in Sources */,
				18B147A62588B50300BEE28B /* EditView.swift in Sources */,
				18B147A02588A5A500BEE28B /* ScrumsView.swift in Sources */,
				18B147892588952F00BEE28B /* ScrumdingerApp.swift in Sources */,
			);
			runOnlyForDeploymentPostprocessing = 0;
		};
/* End PBXSourcesBuildPhase section */

/* Begin XCBuildConfiguration section */
		18B147922588953300BEE28B /* Debug */ = {
			isa = XCBuildConfiguration;
			buildSettings = {
				ALWAYS_SEARCH_USER_PATHS = NO;
				CLANG_ANALYZER_NONNULL = YES;
				CLANG_ANALYZER_NUMBER_OBJECT_CONVERSION = YES_AGGRESSIVE;
				CLANG_CXX_LANGUAGE_STANDARD = "gnu++14";
				CLANG_CXX_LIBRARY = "libc++";
				CLANG_ENABLE_MODULES = YES;
				CLANG_ENABLE_OBJC_ARC = YES;
				CLANG_ENABLE_OBJC_WEAK = YES;
				CLANG_WARN_BLOCK_CAPTURE_AUTORELEASING = YES;
				CLANG_WARN_BOOL_CONVERSION = YES;
				CLANG_WARN_COMMA = YES;
				CLANG_WARN_CONSTANT_CONVERSION = YES;
				CLANG_WARN_DEPRECATED_OBJC_IMPLEMENTATIONS = YES;
				CLANG_WARN_DIRECT_OBJC_ISA_USAGE = YES_ERROR;
				CLANG_WARN_DOCUMENTATION_COMMENTS = YES;
				CLANG_WARN_EMPTY_BODY = YES;
				CLANG_WARN_ENUM_CONVERSION = YES;
				CLANG_WARN_INFINITE_RECURSION = YES;
				CLANG_WARN_INT_CONVERSION = YES;
				CLANG_WARN_NON_LITERAL_NULL_CONVERSION = YES;
				CLANG_WARN_OBJC_IMPLICIT_RETAIN_SELF = YES;
				CLANG_WARN_OBJC_LITERAL_CONVERSION = YES;
				CLANG_WARN_OBJC_ROOT_CLASS = YES_ERROR;
				CLANG_WARN_QUOTED_INCLUDE_IN_FRAMEWORK_HEADER = YES;
				CLANG_WARN_RANGE_LOOP_ANALYSIS = YES;
				CLANG_WARN_STRICT_PROTOTYPES = YES;
				CLANG_WARN_SUSPICIOUS_MOVE = YES;
				CLANG_WARN_UNGUARDED_AVAILABILITY = YES_AGGRESSIVE;
				CLANG_WARN_UNREACHABLE_CODE = YES;
				CLANG_WARN__DUPLICATE_METHOD_MATCH = YES;
				COPY_PHASE_STRIP = NO;
				DEBUG_INFORMATION_FORMAT = dwarf;
				ENABLE_STRICT_OBJC_MSGSEND = YES;
				ENABLE_TESTABILITY = YES;
				GCC_C_LANGUAGE_STANDARD = gnu11;
				GCC_DYNAMIC_NO_PIC = NO;
				GCC_NO_COMMON_BLOCKS = YES;
				GCC_OPTIMIZATION_LEVEL = 0;
				GCC_PREPROCESSOR_DEFINITIONS = (
					"DEBUG=1",
					"$(inherited)",
				);
				GCC_WARN_64_TO_32_BIT_CONVERSION = YES;
				GCC_WARN_ABOUT_RETURN_TYPE = YES_ERROR;
				GCC_WARN_UNDECLARED_SELECTOR = YES;
				GCC_WARN_UNINITIALIZED_AUTOS = YES_AGGRESSIVE;
				GCC_WARN_UNUSED_FUNCTION = YES;
				GCC_WARN_UNUSED_VARIABLE = YES;
				IPHONEOS_DEPLOYMENT_TARGET = 14.2;
				MTL_ENABLE_DEBUG_INFO = INCLUDE_SOURCE;
				MTL_FAST_MATH = YES;
				ONLY_ACTIVE_ARCH = YES;
				SDKROOT = iphoneos;
				SWIFT_ACTIVE_COMPILATION_CONDITIONS = DEBUG;
				SWIFT_OPTIMIZATION_LEVEL = "-Onone";
			};
			name = Debug;
		};
		18B147932588953300BEE28B /* Release */ = {
			isa = XCBuildConfiguration;
			buildSettings = {
				ALWAYS_SEARCH_USER_PATHS = NO;
				CLANG_ANALYZER_NONNULL = YES;
				CLANG_ANALYZER_NUMBER_OBJECT_CONVERSION = YES_AGGRESSIVE;
				CLANG_CXX_LANGUAGE_STANDARD = "gnu++14";
				CLANG_CXX_LIBRARY = "libc++";
				CLANG_ENABLE_MODULES = YES;
				CLANG_ENABLE_OBJC_ARC = YES;
				CLANG_ENABLE_OBJC_WEAK = YES;
				CLANG_WARN_BLOCK_CAPTURE_AUTORELEASING = YES;
				CLANG_WARN_BOOL_CONVERSION = YES;
				CLANG_WARN_COMMA = YES;
				CLANG_WARN_CONSTANT_CONVERSION = YES;
				CLANG_WARN_DEPRECATED_OBJC_IMPLEMENTATIONS = YES;
				CLANG_WARN_DIRECT_OBJC_ISA_USAGE = YES_ERROR;
				CLANG_WARN_DOCUMENTATION_COMMENTS = YES;
				CLANG_WARN_EMPTY_BODY = YES;
				CLANG_WARN_ENUM_CONVERSION = YES;
				CLANG_WARN_INFINITE_RECURSION = YES;
				CLANG_WARN_INT_CONVERSION = YES;
				CLANG_WARN_NON_LITERAL_NULL_CONVERSION = YES;
				CLANG_WARN_OBJC_IMPLICIT_RETAIN_SELF = YES;
				CLANG_WARN_OBJC_LITERAL_CONVERSION = YES;
				CLANG_WARN_OBJC_ROOT_CLASS = YES_ERROR;
				CLANG_WARN_QUOTED_INCLUDE_IN_FRAMEWORK_HEADER = YES;
				CLANG_WARN_RANGE_LOOP_ANALYSIS = YES;
				CLANG_WARN_STRICT_PROTOTYPES = YES;
				CLANG_WARN_SUSPICIOUS_MOVE = YES;
				CLANG_WARN_UNGUARDED_AVAILABILITY = YES_AGGRESSIVE;
				CLANG_WARN_UNREACHABLE_CODE = YES;
				CLANG_WARN__DUPLICATE_METHOD_MATCH = YES;
				COPY_PHASE_STRIP = NO;
				DEBUG_INFORMATION_FORMAT = "dwarf-with-dsym";
				ENABLE_NS_ASSERTIONS = NO;
				ENABLE_STRICT_OBJC_MSGSEND = YES;
				GCC_C_LANGUAGE_STANDARD = gnu11;
				GCC_NO_COMMON_BLOCKS = YES;
				GCC_WARN_64_TO_32_BIT_CONVERSION = YES;
				GCC_WARN_ABOUT_RETURN_TYPE = YES_ERROR;
				GCC_WARN_UNDECLARED_SELECTOR = YES;
				GCC_WARN_UNINITIALIZED_AUTOS = YES_AGGRESSIVE;
				GCC_WARN_UNUSED_FUNCTION = YES;
				GCC_WARN_UNUSED_VARIABLE = YES;
				IPHONEOS_DEPLOYMENT_TARGET = 14.2;
				MTL_ENABLE_DEBUG_INFO = NO;
				MTL_FAST_MATH = YES;
				SDKROOT = iphoneos;
				SWIFT_COMPILATION_MODE = wholemodule;
				SWIFT_OPTIMIZATION_LEVEL = "-O";
				VALIDATE_PRODUCT = YES;
			};
			name = Release;
		};
		18B147952588953300BEE28B /* Debug */ = {
			isa = XCBuildConfiguration;
			buildSettings = {
				ASSETCATALOG_COMPILER_APPICON_NAME = AppIcon;
				ASSETCATALOG_COMPILER_GLOBAL_ACCENT_COLOR_NAME = AccentColor;
				CODE_SIGN_STYLE = Automatic;
				DEVELOPMENT_ASSET_PATHS = "\"Scrumdinger/Preview Content\"";
				DEVELOPMENT_TEAM = 56MY3ZN5V7;
				ENABLE_PREVIEWS = YES;
				INFOPLIST_FILE = Scrumdinger/Info.plist;
				IPHONEOS_DEPLOYMENT_TARGET = 14.0;
				LD_RUNPATH_SEARCH_PATHS = (
					"$(inherited)",
					"@executable_path/Frameworks",
				);
				PRODUCT_BUNDLE_IDENTIFIER = com.uusafe.sdk.Scrumdinger;
				PRODUCT_NAME = "$(TARGET_NAME)";
				SWIFT_VERSION = 5.0;
				TARGETED_DEVICE_FAMILY = "1,2";
			};
			name = Debug;
		};
		18B147962588953300BEE28B /* Release */ = {
			isa = XCBuildConfiguration;
			buildSettings = {
				ASSETCATALOG_COMPILER_APPICON_NAME = AppIcon;
				ASSETCATALOG_COMPILER_GLOBAL_ACCENT_COLOR_NAME = AccentColor;
				CODE_SIGN_STYLE = Automatic;
				DEVELOPMENT_ASSET_PATHS = "\"Scrumdinger/Preview Content\"";
				DEVELOPMENT_TEAM = 56MY3ZN5V7;
				ENABLE_PREVIEWS = YES;
				INFOPLIST_FILE = Scrumdinger/Info.plist;
				IPHONEOS_DEPLOYMENT_TARGET = 14.0;
				LD_RUNPATH_SEARCH_PATHS = (
					"$(inherited)",
					"@executable_path/Frameworks",
				);
				PRODUCT_BUNDLE_IDENTIFIER = com.uusafe.sdk.Scrumdinger;
				PRODUCT_NAME = "$(TARGET_NAME)";
				SWIFT_VERSION = 5.0;
				TARGETED_DEVICE_FAMILY = "1,2";
			};
			name = Release;
		};
/* End XCBuildConfiguration section */

/* Begin XCConfigurationList section */
		18B147802588952F00BEE28B /* Build configuration list for PBXProject "Scrumdinger" */ = {
			isa = XCConfigurationList;
			buildConfigurations = (
				18B147922588953300BEE28B /* Debug */,
				18B147932588953300BEE28B /* Release */,
			);
			defaultConfigurationIsVisible = 0;
			defaultConfigurationName = Release;
		};
		18B147942588953300BEE28B /* Build configuration list for PBXNativeTarget "Scrumdinger" */ = {
			isa = XCConfigurationList;
			buildConfigurations = (
				18B147952588953300BEE28B /* Debug */,
				18B147962588953300BEE28B /* Release */,
			);
			defaultConfigurationIsVisible = 0;
			defaultConfigurationName = Release;
		};
/* End XCConfigurationList section */
	};
	rootObject = 18B1477D2588952F00BEE28B /* Project object */;
}
